
Microsoft Visual Studio Solution File, Format Version 12.00
# Visual Studio 15
VisualStudioVersion = 15.0.27130.2010
MinimumVisualStudioVersion = 10.0.40219.1
Project("{FAE04EC0-301F-11D3-BF4B-00C04F79EFBC}") = "datastructures", "data-structures\datastructures.csproj", "{28571D72-FF55-4F03-9582-3991B51FD3EC}"
EndProject
Project("{FAE04EC0-301F-11D3-BF4B-00C04F79EFBC}") = "XUnitTesting", "XUnitTesting\XUnitTesting.csproj", "{47AC2A6B-4ADC-4315-A25D-0325CD6DF4E2}"
EndProject
Global
	GlobalSection(SolutionConfigurationPlatforms) = preSolution
		Debug|Any CPU = Debug|Any CPU
		Release|Any CPU = Release|Any CPU
	EndGlobalSection
	GlobalSection(ProjectConfigurationPlatforms) = postSolution
		{28571D72-FF55-4F03-9582-3991B51FD3EC}.Debug|Any CPU.ActiveCfg = Debug|Any CPU
		{28571D72-FF55-4F03-9582-3991B51FD3EC}.Debug|Any CPU.Build.0 = Debug|Any CPU
		{28571D72-FF55-4F03-9582-3991B51FD3EC}.Release|Any CPU.ActiveCfg = Release|Any CPU
		{28571D72-FF55-4F03-9582-3991B51FD3EC}.Release|Any CPU.Build.0 = Release|Any CPU
		{47AC2A6B-4ADC-4315-A25D-0325CD6DF4E2}.Debug|Any CPU.ActiveCfg = Debug|Any CPU
		{47AC2A6B-4ADC-4315-A25D-0325CD6DF4E2}.Debug|Any CPU.Build.0 = Debug|Any CPU
		{47AC2A6B-4ADC-4315-A25D-0325CD6DF4E2}.Release|Any CPU.ActiveCfg = Release|Any CPU
		{47AC2A6B-4ADC-4315-A25D-0325CD6DF4E2}.Release|Any CPU.Build.0 = Release|Any CPU
	EndGlobalSection
	GlobalSection(SolutionProperties) = preSolution
		HideSolutionNode = FALSE
	EndGlobalSection
	GlobalSection(ExtensibilityGlobals) = postSolution
		SolutionGuid = {E01A1DC4-8789-4530-AF04-16731CEF486A}
	EndGlobalSection
EndGlobal
